
Microsoft Visual Studio Solution File, Format Version 12.00
# Visual Studio Version 17
VisualStudioVersion = 17.7.34031.279
MinimumVisualStudioVersion = 10.0.40219.1
Project("{FAE04EC0-301F-11D3-BF4B-00C04F79EFBC}") = "3. Exchange First And Last Characters", "3. Exchange First And Last Characters\3. Exchange First And Last Characters.csproj", "{0DF5C7FE-D5B2-4D47-8E5E-7927AADCFAEB}"
EndProject
Global
	GlobalSection(SolutionConfigurationPlatforms) = preSolution
		Debug|Any CPU = Debug|Any CPU
		Release|Any CPU = Release|Any CPU
	EndGlobalSection
	GlobalSection(ProjectConfigurationPlatforms) = postSolution
		{0DF5C7FE-D5B2-4D47-8E5E-7927AADCFAEB}.Debug|Any CPU.ActiveCfg = Debug|Any CPU
		{0DF5C7FE-D5B2-4D47-8E5E-7927AADCFAEB}.Debug|Any CPU.Build.0 = Debug|Any CPU
		{0DF5C7FE-D5B2-4D47-8E5E-7927AADCFAEB}.Release|Any CPU.ActiveCfg = Release|Any CPU
		{0DF5C7FE-D5B2-4D47-8E5E-7927AADCFAEB}.Release|Any CPU.Build.0 = Release|Any CPU
	EndGlobalSection
	GlobalSection(SolutionProperties) = preSolution
		HideSolutionNode = FALSE
	EndGlobalSection
	GlobalSection(ExtensibilityGlobals) = postSolution
		SolutionGuid = {D8D1F4DA-0C72-4E69-B553-1AA65F4FDC56}
	EndGlobalSection
EndGlobal
